// !$*UTF8*$!
{
	archiveVersion = 1;
	classes = {
	};
	objectVersion = 46;
	objects = {

/* Begin PBXBuildFile section */
		30091D821E26B75E009645AE /* AppDelegate.swift in Sources */ = {isa = PBXBuildFile; fileRef = 30091D811E26B75E009645AE /* AppDelegate.swift */; };
		30091D841E26B75E009645AE /* ViewController.swift in Sources */ = {isa = PBXBuildFile; fileRef = 30091D831E26B75E009645AE /* ViewController.swift */; };
		30091D871E26B75E009645AE /* Main.storyboard in Resources */ = {isa = PBXBuildFile; fileRef = 30091D851E26B75E009645AE /* Main.storyboard */; };
		30091D891E26B75E009645AE /* Assets.xcassets in Resources */ = {isa = PBXBuildFile; fileRef = 30091D881E26B75E009645AE /* Assets.xcassets */; };
		30091D8C1E26B75E009645AE /* LaunchScreen.storyboard in Resources */ = {isa = PBXBuildFile; fileRef = 30091D8A1E26B75E009645AE /* LaunchScreen.storyboard */; };
		30091D971E26B75E009645AE /* Stack_ViewsTests.swift in Sources */ = {isa = PBXBuildFile; fileRef = 30091D961E26B75E009645AE /* Stack_ViewsTests.swift */; };
		30091DA21E26B75E009645AE /* Stack_ViewsUITests.swift in Sources */ = {isa = PBXBuildFile; fileRef = 30091DA11E26B75E009645AE /* Stack_ViewsUITests.swift */; };
/* End PBXBuildFile section */

/* Begin PBXContainerItemProxy section */
		30091D931E26B75E009645AE /* PBXContainerItemProxy */ = {
			isa = PBXContainerItemProxy;
			containerPortal = 30091D761E26B75E009645AE /* Project object */;
			proxyType = 1;
			remoteGlobalIDString = 30091D7D1E26B75E009645AE;
			remoteInfo = "Stack Views";
		};
		30091D9E1E26B75E009645AE /* PBXContainerItemProxy */ = {
			isa = PBXContainerItemProxy;
			containerPortal = 30091D761E26B75E009645AE /* Project object */;
			proxyType = 1;
			remoteGlobalIDString = 30091D7D1E26B75E009645AE;
			remoteInfo = "Stack Views";
		};
/* End PBXContainerItemProxy section */

/* Begin PBXFileReference section */
		30091D7E1E26B75E009645AE /* Stack Views.app */ = {isa = PBXFileReference; explicitFileType = wrapper.application; includeInIndex = 0; path = "Stack Views.app"; sourceTree = BUILT_PRODUCTS_DIR; };
		30091D811E26B75E009645AE /* AppDelegate.swift */ = {isa = PBXFileReference; lastKnownFileType = sourcecode.swift; path = AppDelegate.swift; sourceTree = "<group>"; };
		30091D831E26B75E009645AE /* ViewController.swift */ = {isa = PBXFileReference; lastKnownFileType = sourcecode.swift; path = ViewController.swift; sourceTree = "<group>"; };
		30091D861E26B75E009645AE /* Base */ = {isa = PBXFileReference; lastKnownFileType = file.storyboard; name = Base; path = Base.lproj/Main.storyboard; sourceTree = "<group>"; };
		30091D881E26B75E009645AE /* Assets.xcassets */ = {isa = PBXFileReference; lastKnownFileType = folder.assetcatalog; path = Assets.xcassets; sourceTree = "<group>"; };
		30091D8B1E26B75E009645AE /* Base */ = {isa = PBXFileReference; lastKnownFileType = file.storyboard; name = Base; path = Base.lproj/LaunchScreen.storyboard; sourceTree = "<group>"; };
		30091D8D1E26B75E009645AE /* Info.plist */ = {isa = PBXFileReference; lastKnownFileType = text.plist.xml; path = Info.plist; sourceTree = "<group>"; };
		30091D921E26B75E009645AE /* Stack ViewsTests.xctest */ = {isa = PBXFileReference; explicitFileType = wrapper.cfbundle; includeInIndex = 0; path = "Stack ViewsTests.xctest"; sourceTree = BUILT_PRODUCTS_DIR; };
		30091D961E26B75E009645AE /* Stack_ViewsTests.swift */ = {isa = PBXFileReference; lastKnownFileType = sourcecode.swift; path = Stack_ViewsTests.swift; sourceTree = "<group>"; };
		30091D981E26B75E009645AE /* Info.plist */ = {isa = PBXFileReference; lastKnownFileType = text.plist.xml; path = Info.plist; sourceTree = "<group>"; };
		30091D9D1E26B75E009645AE /* Stack ViewsUITests.xctest */ = {isa = PBXFileReference; explicitFileType = wrapper.cfbundle; includeInIndex = 0; path = "Stack ViewsUITests.xctest"; sourceTree = BUILT_PRODUCTS_DIR; };
		30091DA11E26B75E009645AE /* Stack_ViewsUITests.swift */ = {isa = PBXFileReference; lastKnownFileType = sourcecode.swift; path = Stack_ViewsUITests.swift; sourceTree = "<group>"; };
		30091DA31E26B75E009645AE /* Info.plist */ = {isa = PBXFileReference; lastKnownFileType = text.plist.xml; path = Info.plist; sourceTree = "<group>"; };
/* End PBXFileReference section */

/* Begin PBXFrameworksBuildPhase section */
		30091D7B1E26B75E009645AE /* Frameworks */ = {
			isa = PBXFrameworksBuildPhase;
			buildActionMask = 2147483647;
			files = (
			);
			runOnlyForDeploymentPostprocessing = 0;
		};
		30091D8F1E26B75E009645AE /* Frameworks */ = {
			isa = PBXFrameworksBuildPhase;
			buildActionMask = 2147483647;
			files = (
			);
			runOnlyForDeploymentPostprocessing = 0;
		};
		30091D9A1E26B75E009645AE /* Frameworks */ = {
			isa = PBXFrameworksBuildPhase;
			buildActionMask = 2147483647;
			files = (
			);
			runOnlyForDeploymentPostprocessing = 0;
		};
/* End PBXFrameworksBuildPhase section */

/* Begin PBXGroup section */
		30091D751E26B75E009645AE = {
			isa = PBXGroup;
			children = (
				30091D801E26B75E009645AE /* Stack Views */,
				30091D951E26B75E009645AE /* Stack ViewsTests */,
				30091DA01E26B75E009645AE /* Stack ViewsUITests */,
				30091D7F1E26B75E009645AE /* Products */,
			);
			sourceTree = "<group>";
		};
		30091D7F1E26B75E009645AE /* Products */ = {
			isa = PBXGroup;
			children = (
				30091D7E1E26B75E009645AE /* Stack Views.app */,
				30091D921E26B75E009645AE /* Stack ViewsTests.xctest */,
				30091D9D1E26B75E009645AE /* Stack ViewsUITests.xctest */,
			);
			name = Products;
			sourceTree = "<group>";
		};
		30091D801E26B75E009645AE /* Stack Views */ = {
			isa = PBXGroup;
			children = (
				30091D811E26B75E009645AE /* AppDelegate.swift */,
				30091D831E26B75E009645AE /* ViewController.swift */,
				30091D851E26B75E009645AE /* Main.storyboard */,
				30091D881E26B75E009645AE /* Assets.xcassets */,
				30091D8A1E26B75E009645AE /* LaunchScreen.storyboard */,
				30091D8D1E26B75E009645AE /* Info.plist */,
			);
			path = "Stack Views";
			sourceTree = "<group>";
		};
		30091D951E26B75E009645AE /* Stack ViewsTests */ = {
			isa = PBXGroup;
			children = (
				30091D961E26B75E009645AE /* Stack_ViewsTests.swift */,
				30091D981E26B75E009645AE /* Info.plist */,
			);
			path = "Stack ViewsTests";
			sourceTree = "<group>";
		};
		30091DA01E26B75E009645AE /* Stack ViewsUITests */ = {
			isa = PBXGroup;
			children = (
				30091DA11E26B75E009645AE /* Stack_ViewsUITests.swift */,
				30091DA31E26B75E009645AE /* Info.plist */,
			);
			path = "Stack ViewsUITests";
			sourceTree = "<group>";
		};
/* End PBXGroup section */

/* Begin PBXNativeTarget section */
		30091D7D1E26B75E009645AE /* Stack Views */ = {
			isa = PBXNativeTarget;
			buildConfigurationList = 30091DA61E26B75E009645AE /* Build configuration list for PBXNativeTarget "Stack Views" */;
			buildPhases = (
				30091D7A1E26B75E009645AE /* Sources */,
				30091D7B1E26B75E009645AE /* Frameworks */,
				30091D7C1E26B75E009645AE /* Resources */,
			);
			buildRules = (
			);
			dependencies = (
			);
			name = "Stack Views";
			productName = "Stack Views";
			productReference = 30091D7E1E26B75E009645AE /* Stack Views.app */;
			productType = "com.apple.product-type.application";
		};
		30091D911E26B75E009645AE /* Stack ViewsTests */ = {
			isa = PBXNativeTarget;
			buildConfigurationList = 30091DA91E26B75E009645AE /* Build configuration list for PBXNativeTarget "Stack ViewsTests" */;
			buildPhases = (
				30091D8E1E26B75E009645AE /* Sources */,
				30091D8F1E26B75E009645AE /* Frameworks */,
				30091D901E26B75E009645AE /* Resources */,
			);
			buildRules = (
			);
			dependencies = (
				30091D941E26B75E009645AE /* PBXTargetDependency */,
			);
			name = "Stack ViewsTests";
			productName = "Stack ViewsTests";
			productReference = 30091D921E26B75E009645AE /* Stack ViewsTests.xctest */;
			productType = "com.apple.product-type.bundle.unit-test";
		};
		30091D9C1E26B75E009645AE /* Stack ViewsUITests */ = {
			isa = PBXNativeTarget;
			buildConfigurationList = 30091DAC1E26B75E009645AE /* Build configuration list for PBXNativeTarget "Stack ViewsUITests" */;
			buildPhases = (
				30091D991E26B75E009645AE /* Sources */,
				30091D9A1E26B75E009645AE /* Frameworks */,
				30091D9B1E26B75E009645AE /* Resources */,
			);
			buildRules = (
			);
			dependencies = (
				30091D9F1E26B75E009645AE /* PBXTargetDependency */,
			);
			name = "Stack ViewsUITests";
			productName = "Stack ViewsUITests";
			productReference = 30091D9D1E26B75E009645AE /* Stack ViewsUITests.xctest */;
			productType = "com.apple.product-type.bundle.ui-testing";
		};
/* End PBXNativeTarget section */

/* Begin PBXProject section */
		30091D761E26B75E009645AE /* Project object */ = {
			isa = PBXProject;
			attributes = {
				LastSwiftUpdateCheck = 0820;
				LastUpgradeCheck = 0820;
				ORGANIZATIONNAME = "James Bruno";
				TargetAttributes = {
					30091D7D1E26B75E009645AE = {
						CreatedOnToolsVersion = 8.2.1;
						ProvisioningStyle = Automatic;
					};
					30091D911E26B75E009645AE = {
						CreatedOnToolsVersion = 8.2.1;
						ProvisioningStyle = Automatic;
						TestTargetID = 30091D7D1E26B75E009645AE;
					};
					30091D9C1E26B75E009645AE = {
						CreatedOnToolsVersion = 8.2.1;
						ProvisioningStyle = Automatic;
						TestTargetID = 30091D7D1E26B75E009645AE;
					};
				};
			};
			buildConfigurationList = 30091D791E26B75E009645AE /* Build configuration list for PBXProject "Stack Views" */;
			compatibilityVersion = "Xcode 3.2";
			developmentRegion = English;
			hasScannedForEncodings = 0;
			knownRegions = (
				en,
				Base,
			);
			mainGroup = 30091D751E26B75E009645AE;
			productRefGroup = 30091D7F1E26B75E009645AE /* Products */;
			projectDirPath = "";
			projectRoot = "";
			targets = (
				30091D7D1E26B75E009645AE /* Stack Views */,
				30091D911E26B75E009645AE /* Stack ViewsTests */,
				30091D9C1E26B75E009645AE /* Stack ViewsUITests */,
			);
		};
/* End PBXProject section */

/* Begin PBXResourcesBuildPhase section */
		30091D7C1E26B75E009645AE /* Resources */ = {
			isa = PBXResourcesBuildPhase;
			buildActionMask = 2147483647;
			files = (
				30091D8C1E26B75E009645AE /* LaunchScreen.storyboard in Resources */,
				30091D891E26B75E009645AE /* Assets.xcassets in Resources */,
				30091D871E26B75E009645AE /* Main.storyboard in Resources */,
			);
			runOnlyForDeploymentPostprocessing = 0;
		};
		30091D901E26B75E009645AE /* Resources */ = {
			isa = PBXResourcesBuildPhase;
			buildActionMask = 2147483647;
			files = (
			);
			runOnlyForDeploymentPostprocessing = 0;
		};
		30091D9B1E26B75E009645AE /* Resources */ = {
			isa = PBXResourcesBuildPhase;
			buildActionMask = 2147483647;
			files = (
			);
			runOnlyForDeploymentPostprocessing = 0;
		};
/* End PBXResourcesBuildPhase section */

/* Begin PBXSourcesBuildPhase section */
		30091D7A1E26B75E009645AE /* Sources */ = {
			isa = PBXSourcesBuildPhase;
			buildActionMask = 2147483647;
			files = (
				30091D841E26B75E009645AE /* ViewController.swift in Sources */,
				30091D821E26B75E009645AE /* AppDelegate.swift in Sources */,
			);
			runOnlyForDeploymentPostprocessing = 0;
		};
		30091D8E1E26B75E009645AE /* Sources */ = {
			isa = PBXSourcesBuildPhase;
			buildActionMask = 2147483647;
			files = (
				30091D971E26B75E009645AE /* Stack_ViewsTests.swift in Sources */,
			);
			runOnlyForDeploymentPostprocessing = 0;
		};
		30091D991E26B75E009645AE /* Sources */ = {
			isa = PBXSourcesBuildPhase;
			buildActionMask = 2147483647;
			files = (
				30091DA21E26B75E009645AE /* Stack_ViewsUITests.swift in Sources */,
			);
			runOnlyForDeploymentPostprocessing = 0;
		};
/* End PBXSourcesBuildPhase section */

/* Begin PBXTargetDependency section */
		30091D941E26B75E009645AE /* PBXTargetDependency */ = {
			isa = PBXTargetDependency;
			target = 30091D7D1E26B75E009645AE /* Stack Views */;
			targetProxy = 30091D931E26B75E009645AE /* PBXContainerItemProxy */;
		};
		30091D9F1E26B75E009645AE /* PBXTargetDependency */ = {
			isa = PBXTargetDependency;
			target = 30091D7D1E26B75E009645AE /* Stack Views */;
			targetProxy = 30091D9E1E26B75E009645AE /* PBXContainerItemProxy */;
		};
/* End PBXTargetDependency section */

/* Begin PBXVariantGroup section */
		30091D851E26B75E009645AE /* Main.storyboard */ = {
			isa = PBXVariantGroup;
			children = (
				30091D861E26B75E009645AE /* Base */,
			);
			name = Main.storyboard;
			sourceTree = "<group>";
		};
		30091D8A1E26B75E009645AE /* LaunchScreen.storyboard */ = {
			isa = PBXVariantGroup;
			children = (
				30091D8B1E26B75E009645AE /* Base */,
			);
			name = LaunchScreen.storyboard;
			sourceTree = "<group>";
		};
/* End PBXVariantGroup section */

/* Begin XCBuildConfiguration section */
		30091DA41E26B75E009645AE /* Debug */ = {
			isa = XCBuildConfiguration;
			buildSettings = {
				ALWAYS_SEARCH_USER_PATHS = NO;
				CLANG_ANALYZER_NONNULL = YES;
				CLANG_CXX_LANGUAGE_STANDARD = "gnu++0x";
				CLANG_CXX_LIBRARY = "libc++";
				CLANG_ENABLE_MODULES = YES;
				CLANG_ENABLE_OBJC_ARC = YES;
				CLANG_WARN_BOOL_CONVERSION = YES;
				CLANG_WARN_CONSTANT_CONVERSION = YES;
				CLANG_WARN_DIRECT_OBJC_ISA_USAGE = YES_ERROR;
				CLANG_WARN_DOCUMENTATION_COMMENTS = YES;
				CLANG_WARN_EMPTY_BODY = YES;
				CLANG_WARN_ENUM_CONVERSION = YES;
				CLANG_WARN_INFINITE_RECURSION = YES;
				CLANG_WARN_INT_CONVERSION = YES;
				CLANG_WARN_OBJC_ROOT_CLASS = YES_ERROR;
				CLANG_WARN_SUSPICIOUS_MOVE = YES;
				CLANG_WARN_UNREACHABLE_CODE = YES;
				CLANG_WARN__DUPLICATE_METHOD_MATCH = YES;
				"CODE_SIGN_IDENTITY[sdk=iphoneos*]" = "iPhone Developer";
				COPY_PHASE_STRIP = NO;
				DEBUG_INFORMATION_FORMAT = dwarf;
				ENABLE_STRICT_OBJC_MSGSEND = YES;
				ENABLE_TESTABILITY = YES;
				GCC_C_LANGUAGE_STANDARD = gnu99;
				GCC_DYNAMIC_NO_PIC = NO;
				GCC_NO_COMMON_BLOCKS = YES;
				GCC_OPTIMIZATION_LEVEL = 0;
				GCC_PREPROCESSOR_DEFINITIONS = (
					"DEBUG=1",
					"$(inherited)",
				);
				GCC_WARN_64_TO_32_BIT_CONVERSION = YES;
				GCC_WARN_ABOUT_RETURN_TYPE = YES_ERROR;
				GCC_WARN_UNDECLARED_SELECTOR = YES;
				GCC_WARN_UNINITIALIZED_AUTOS = YES_AGGRESSIVE;
				GCC_WARN_UNUSED_FUNCTION = YES;
				GCC_WARN_UNUSED_VARIABLE = YES;
				IPHONEOS_DEPLOYMENT_TARGET = 10.2;
				MTL_ENABLE_DEBUG_INFO = YES;
				ONLY_ACTIVE_ARCH = YES;
				SDKROOT = iphoneos;
				SWIFT_ACTIVE_COMPILATION_CONDITIONS = DEBUG;
				SWIFT_OPTIMIZATION_LEVEL = "-Onone";
			};
			name = Debug;
		};
		30091DA51E26B75E009645AE /* Release */ = {
			isa = XCBuildConfiguration;
			buildSettings = {
				ALWAYS_SEARCH_USER_PATHS = NO;
				CLANG_ANALYZER_NONNULL = YES;
				CLANG_CXX_LANGUAGE_STANDARD = "gnu++0x";
				CLANG_CXX_LIBRARY = "libc++";
				CLANG_ENABLE_MODULES = YES;
				CLANG_ENABLE_OBJC_ARC = YES;
				CLANG_WARN_BOOL_CONVERSION = YES;
				CLANG_WARN_CONSTANT_CONVERSION = YES;
				CLANG_WARN_DIRECT_OBJC_ISA_USAGE = YES_ERROR;
				CLANG_WARN_DOCUMENTATION_COMMENTS = YES;
				CLANG_WARN_EMPTY_BODY = YES;
				CLANG_WARN_ENUM_CONVERSION = YES;
				CLANG_WARN_INFINITE_RECURSION = YES;
				CLANG_WARN_INT_CONVERSION = YES;
				CLANG_WARN_OBJC_ROOT_CLASS = YES_ERROR;
				CLANG_WARN_SUSPICIOUS_MOVE = YES;
				CLANG_WARN_UNREACHABLE_CODE = YES;
				CLANG_WARN__DUPLICATE_METHOD_MATCH = YES;
				"CODE_SIGN_IDENTITY[sdk=iphoneos*]" = "iPhone Developer";
				COPY_PHASE_STRIP = NO;
				DEBUG_INFORMATION_FORMAT = "dwarf-with-dsym";
				ENABLE_NS_ASSERTIONS = NO;
				ENABLE_STRICT_OBJC_MSGSEND = YES;
				GCC_C_LANGUAGE_STANDARD = gnu99;
				GCC_NO_COMMON_BLOCKS = YES;
				GCC_WARN_64_TO_32_BIT_CONVERSION = YES;
				GCC_WARN_ABOUT_RETURN_TYPE = YES_ERROR;
				GCC_WARN_UNDECLARED_SELECTOR = YES;
				GCC_WARN_UNINITIALIZED_AUTOS = YES_AGGRESSIVE;
				GCC_WARN_UNUSED_FUNCTION = YES;
				GCC_WARN_UNUSED_VARIABLE = YES;
				IPHONEOS_DEPLOYMENT_TARGET = 10.2;
				MTL_ENABLE_DEBUG_INFO = NO;
				SDKROOT = iphoneos;
				SWIFT_OPTIMIZATION_LEVEL = "-Owholemodule";
				VALIDATE_PRODUCT = YES;
			};
			name = Release;
		};
		30091DA71E26B75E009645AE /* Debug */ = {
			isa = XCBuildConfiguration;
			buildSettings = {
				ASSETCATALOG_COMPILER_APPICON_NAME = AppIcon;
				INFOPLIST_FILE = "Stack Views/Info.plist";
				LD_RUNPATH_SEARCH_PATHS = "$(inherited) @executable_path/Frameworks";
				PRODUCT_BUNDLE_IDENTIFIER = "com.CodingDojo.Stack-Views";
				PRODUCT_NAME = "$(TARGET_NAME)";
				SWIFT_VERSION = 3.0;
			};
			name = Debug;
		};
		30091DA81E26B75E009645AE /* Release */ = {
			isa = XCBuildConfiguration;
			buildSettings = {
				ASSETCATALOG_COMPILER_APPICON_NAME = AppIcon;
				INFOPLIST_FILE = "Stack Views/Info.plist";
				LD_RUNPATH_SEARCH_PATHS = "$(inherited) @executable_path/Frameworks";
				PRODUCT_BUNDLE_IDENTIFIER = "com.CodingDojo.Stack-Views";
				PRODUCT_NAME = "$(TARGET_NAME)";
				SWIFT_VERSION = 3.0;
			};
			name = Release;
		};
		30091DAA1E26B75E009645AE /* Debug */ = {
			isa = XCBuildConfiguration;
			buildSettings = {
				ALWAYS_EMBED_SWIFT_STANDARD_LIBRARIES = YES;
				BUNDLE_LOADER = "$(TEST_HOST)";
				INFOPLIST_FILE = "Stack ViewsTests/Info.plist";
				LD_RUNPATH_SEARCH_PATHS = "$(inherited) @executable_path/Frameworks @loader_path/Frameworks";
				PRODUCT_BUNDLE_IDENTIFIER = "com.CodingDojo.Stack-ViewsTests";
				PRODUCT_NAME = "$(TARGET_NAME)";
				SWIFT_VERSION = 3.0;
				TEST_HOST = "$(BUILT_PRODUCTS_DIR)/Stack Views.app/Stack Views";
			};
			name = Debug;
		};
		30091DAB1E26B75E009645AE /* Release */ = {
			isa = XCBuildConfiguration;
			buildSettings = {
				ALWAYS_EMBED_SWIFT_STANDARD_LIBRARIES = YES;
				BUNDLE_LOADER = "$(TEST_HOST)";
				INFOPLIST_FILE = "Stack ViewsTests/Info.plist";
				LD_RUNPATH_SEARCH_PATHS = "$(inherited) @executable_path/Frameworks @loader_path/Frameworks";
				PRODUCT_BUNDLE_IDENTIFIER = "com.CodingDojo.Stack-ViewsTests";
				PRODUCT_NAME = "$(TARGET_NAME)";
				SWIFT_VERSION = 3.0;
				TEST_HOST = "$(BUILT_PRODUCTS_DIR)/Stack Views.app/Stack Views";
			};
			name = Release;
		};
		30091DAD1E26B75E009645AE /* Debug */ = {
			isa = XCBuildConfiguration;
			buildSettings = {
				ALWAYS_EMBED_SWIFT_STANDARD_LIBRARIES = YES;
				INFOPLIST_FILE = "Stack ViewsUITests/Info.plist";
				LD_RUNPATH_SEARCH_PATHS = "$(inherited) @executable_path/Frameworks @loader_path/Frameworks";
				PRODUCT_BUNDLE_IDENTIFIER = "com.CodingDojo.Stack-ViewsUITests";
				PRODUCT_NAME = "$(TARGET_NAME)";
				SWIFT_VERSION = 3.0;
				TEST_TARGET_NAME = "Stack Views";
			};
			name = Debug;
		};
		30091DAE1E26B75E009645AE /* Release */ = {
			isa = XCBuildConfiguration;
			buildSettings = {
				ALWAYS_EMBED_SWIFT_STANDARD_LIBRARIES = YES;
				INFOPLIST_FILE = "Stack ViewsUITests/Info.plist";
				LD_RUNPATH_SEARCH_PATHS = "$(inherited) @executable_path/Frameworks @loader_path/Frameworks";
				PRODUCT_BUNDLE_IDENTIFIER = "com.CodingDojo.Stack-ViewsUITests";
				PRODUCT_NAME = "$(TARGET_NAME)";
				SWIFT_VERSION = 3.0;
				TEST_TARGET_NAME = "Stack Views";
			};
			name = Release;
		};
/* End XCBuildConfiguration section */

/* Begin XCConfigurationList section */
		30091D791E26B75E009645AE /* Build configuration list for PBXProject "Stack Views" */ = {
			isa = XCConfigurationList;
			buildConfigurations = (
				30091DA41E26B75E009645AE /* Debug */,
				30091DA51E26B75E009645AE /* Release */,
			);
			defaultConfigurationIsVisible = 0;
			defaultConfigurationName = Release;
		};
		30091DA61E26B75E009645AE /* Build configuration list for PBXNativeTarget "Stack Views" */ = {
			isa = XCConfigurationList;
			buildConfigurations = (
				30091DA71E26B75E009645AE /* Debug */,
				30091DA81E26B75E009645AE /* Release */,
			);
			defaultConfigurationIsVisible = 0;
		};
		30091DA91E26B75E009645AE /* Build configuration list for PBXNativeTarget "Stack ViewsTests" */ = {
			isa = XCConfigurationList;
			buildConfigurations = (
				30091DAA1E26B75E009645AE /* Debug */,
				30091DAB1E26B75E009645AE /* Release */,
			);
			defaultConfigurationIsVisible = 0;
		};
		30091DAC1E26B75E009645AE /* Build configuration list for PBXNativeTarget "Stack ViewsUITests" */ = {
			isa = XCConfigurationList;
			buildConfigurations = (
				30091DAD1E26B75E009645AE /* Debug */,
				30091DAE1E26B75E009645AE /* Release */,
			);
			defaultConfigurationIsVisible = 0;
		};
/* End XCConfigurationList section */
	};
	rootObject = 30091D761E26B75E009645AE /* Project object */;
}
